# THIS IS AN AUTOGENERATED FILE. DO NOT EDIT THIS FILE DIRECTLY.
# yarn lockfile v1


"@prettier/plugin-ruby@^4.0.3":
  version "4.0.3"
  resolved "https://registry.npmjs.org/@prettier/plugin-ruby/-/plugin-ruby-4.0.3.tgz"
  integrity sha512-SrPEjTqqsCoDBJ3UlReLnKZFqE76o4TBOlsIwRCnqPiO7O3kvy8k5ETG0IiGcNf9wqXLSCRzZXsK4+0cb26SQQ==

prettier@^3.0.0, prettier@^3.1.1:
  version "3.1.1"
  resolved "https://registry.npmjs.org/prettier/-/prettier-3.1.1.tgz"
  integrity sha512-22UbSzg8luF4UuZtzgiUOfcGM8s4tjBv6dJRT7j275NXsy2jb4aJa4NNveul5x4eqlF1wuhuR2RElK71RvmVaw==
